
Microsoft Visual Studio Solution File, Format Version 12.00
# Visual Studio Version 17
VisualStudioVersion = 17.5.33516.290
MinimumVisualStudioVersion = 10.0.40219.1
Project("{9A19103F-16F7-4668-BE54-9A1E7A4F7556}") = "Interface Web", "Interface Web\Interface Web.csproj", "{E074C83C-19C6-4AE8-8610-E38659532BB5}"
EndProject
Project("{2150E333-8FDC-42A3-9474-1A3956D46DE8}") = "Automation", "Automation", "{8528A404-4D6A-47FA-9CF7-8983A3CE3424}"
EndProject
Project("{FAE04EC0-301F-11D3-BF4B-00C04F79EFBC}") = "Selenium.test", "Selenium.test\Selenium.test.csproj", "{183541AD-7642-46E6-905C-8CC481E78953}"
EndProject
Global
	GlobalSection(SolutionConfigurationPlatforms) = preSolution
		Debug|Any CPU = Debug|Any CPU
		Release|Any CPU = Release|Any CPU
	EndGlobalSection
	GlobalSection(ProjectConfigurationPlatforms) = postSolution
		{E074C83C-19C6-4AE8-8610-E38659532BB5}.Debug|Any CPU.ActiveCfg = Debug|Any CPU
		{E074C83C-19C6-4AE8-8610-E38659532BB5}.Debug|Any CPU.Build.0 = Debug|Any CPU
		{E074C83C-19C6-4AE8-8610-E38659532BB5}.Release|Any CPU.ActiveCfg = Release|Any CPU
		{E074C83C-19C6-4AE8-8610-E38659532BB5}.Release|Any CPU.Build.0 = Release|Any CPU
		{183541AD-7642-46E6-905C-8CC481E78953}.Debug|Any CPU.ActiveCfg = Debug|Any CPU
		{183541AD-7642-46E6-905C-8CC481E78953}.Debug|Any CPU.Build.0 = Debug|Any CPU
		{183541AD-7642-46E6-905C-8CC481E78953}.Release|Any CPU.ActiveCfg = Release|Any CPU
		{183541AD-7642-46E6-905C-8CC481E78953}.Release|Any CPU.Build.0 = Release|Any CPU
	EndGlobalSection
	GlobalSection(SolutionProperties) = preSolution
		HideSolutionNode = FALSE
	EndGlobalSection
	GlobalSection(ExtensibilityGlobals) = postSolution
		SolutionGuid = {3D239504-FCE2-48E2-BF35-2BD5DC7191B1}
	EndGlobalSection
EndGlobal
